
Microsoft Visual Studio Solution File, Format Version 12.00
# Visual Studio Version 16
VisualStudioVersion = 16.0.29215.179
MinimumVisualStudioVersion = 10.0.40219.1
Project("{FAE04EC0-301F-11D3-BF4B-00C04F79EFBC}") = "XafAspNetWebForms", "XafAspNetWebForms\XafAspNetWebForms.csproj", "{71494F3F-F317-48ED-BEBE-F3DF9AF48541}"
EndProject
Project("{9A19103F-16F7-4668-BE54-9A1E7A4F7556}") = "XafNetCore3WinForms", "XafNetCore3WinForms\XafNetCore3WinForms.csproj", "{6C7E37A4-61CA-423F-BBCA-EC197D7ED4DB}"
EndProject
Global
	GlobalSection(SolutionConfigurationPlatforms) = preSolution
		Debug|Any CPU = Debug|Any CPU
		Release|Any CPU = Release|Any CPU
	EndGlobalSection
	GlobalSection(ProjectConfigurationPlatforms) = postSolution
		{71494F3F-F317-48ED-BEBE-F3DF9AF48541}.Debug|Any CPU.ActiveCfg = Debug|Any CPU
		{71494F3F-F317-48ED-BEBE-F3DF9AF48541}.Debug|Any CPU.Build.0 = Debug|Any CPU
		{71494F3F-F317-48ED-BEBE-F3DF9AF48541}.Release|Any CPU.ActiveCfg = Debug|Any CPU
		{71494F3F-F317-48ED-BEBE-F3DF9AF48541}.Release|Any CPU.Build.0 = Debug|Any CPU
		{6C7E37A4-61CA-423F-BBCA-EC197D7ED4DB}.Debug|Any CPU.ActiveCfg = Debug|Any CPU
		{6C7E37A4-61CA-423F-BBCA-EC197D7ED4DB}.Debug|Any CPU.Build.0 = Debug|Any CPU
		{6C7E37A4-61CA-423F-BBCA-EC197D7ED4DB}.Release|Any CPU.ActiveCfg = Release|Any CPU
		{6C7E37A4-61CA-423F-BBCA-EC197D7ED4DB}.Release|Any CPU.Build.0 = Release|Any CPU
	EndGlobalSection
	GlobalSection(SolutionProperties) = preSolution
		HideSolutionNode = FALSE
	EndGlobalSection
	GlobalSection(ExtensibilityGlobals) = postSolution
		SolutionGuid = {930957BB-19AF-48E0-90CF-190966911078}
	EndGlobalSection
EndGlobal
